// !$*UTF8*$!
{
	archiveVersion = 1;
	classes = {
	};
	objectVersion = 50;
	objects = {

/* Begin PBXBuildFile section */
		FA35390626F16B1500EF5397 /* AppDelegate.swift in Sources */ = {isa = PBXBuildFile; fileRef = FA35390526F16B1500EF5397 /* AppDelegate.swift */; };
		FA35390826F16B1500EF5397 /* SceneDelegate.swift in Sources */ = {isa = PBXBuildFile; fileRef = FA35390726F16B1500EF5397 /* SceneDelegate.swift */; };
		FA35390A26F16B1500EF5397 /* ViewController.swift in Sources */ = {isa = PBXBuildFile; fileRef = FA35390926F16B1500EF5397 /* ViewController.swift */; };
		FA35390D26F16B1500EF5397 /* Main.storyboard in Resources */ = {isa = PBXBuildFile; fileRef = FA35390B26F16B1500EF5397 /* Main.storyboard */; };
		FA35390F26F16B1800EF5397 /* Assets.xcassets in Resources */ = {isa = PBXBuildFile; fileRef = FA35390E26F16B1800EF5397 /* Assets.xcassets */; };
		FA35391226F16B1800EF5397 /* LaunchScreen.storyboard in Resources */ = {isa = PBXBuildFile; fileRef = FA35391026F16B1800EF5397 /* LaunchScreen.storyboard */; };
		FA35391A26F1758000EF5397 /* DatabaseFile.swift in Sources */ = {isa = PBXBuildFile; fileRef = FA35391926F1758000EF5397 /* DatabaseFile.swift */; };
/* End PBXBuildFile section */

/* Begin PBXFileReference section */
		FA35390226F16B1500EF5397 /* Harshit_Modi_Hello_World.app */ = {isa = PBXFileReference; explicitFileType = wrapper.application; includeInIndex = 0; path = Harshit_Modi_Hello_World.app; sourceTree = BUILT_PRODUCTS_DIR; };
		FA35390526F16B1500EF5397 /* AppDelegate.swift */ = {isa = PBXFileReference; lastKnownFileType = sourcecode.swift; path = AppDelegate.swift; sourceTree = "<group>"; };
		FA35390726F16B1500EF5397 /* SceneDelegate.swift */ = {isa = PBXFileReference; lastKnownFileType = sourcecode.swift; path = SceneDelegate.swift; sourceTree = "<group>"; };
		FA35390926F16B1500EF5397 /* ViewController.swift */ = {isa = PBXFileReference; lastKnownFileType = sourcecode.swift; path = ViewController.swift; sourceTree = "<group>"; };
		FA35390C26F16B1500EF5397 /* Base */ = {isa = PBXFileReference; lastKnownFileType = file.storyboard; name = Base; path = Base.lproj/Main.storyboard; sourceTree = "<group>"; };
		FA35390E26F16B1800EF5397 /* Assets.xcassets */ = {isa = PBXFileReference; lastKnownFileType = folder.assetcatalog; path = Assets.xcassets; sourceTree = "<group>"; };
		FA35391126F16B1800EF5397 /* Base */ = {isa = PBXFileReference; lastKnownFileType = file.storyboard; name = Base; path = Base.lproj/LaunchScreen.storyboard; sourceTree = "<group>"; };
		FA35391326F16B1900EF5397 /* Info.plist */ = {isa = PBXFileReference; lastKnownFileType = text.plist.xml; path = Info.plist; sourceTree = "<group>"; };
		FA35391926F1758000EF5397 /* DatabaseFile.swift */ = {isa = PBXFileReference; lastKnownFileType = sourcecode.swift; path = DatabaseFile.swift; sourceTree = "<group>"; };
/* End PBXFileReference section */

/* Begin PBXFrameworksBuildPhase section */
		FA3538FF26F16B1500EF5397 /* Frameworks */ = {
			isa = PBXFrameworksBuildPhase;
			buildActionMask = 2147483647;
			files = (
			);
			runOnlyForDeploymentPostprocessing = 0;
		};
/* End PBXFrameworksBuildPhase section */

/* Begin PBXGroup section */
		FA3538F926F16B1500EF5397 = {
			isa = PBXGroup;
			children = (
				FA35390426F16B1500EF5397 /* Harshit_Modi_Hello_World */,
				FA35390326F16B1500EF5397 /* Products */,
			);
			sourceTree = "<group>";
		};
		FA35390326F16B1500EF5397 /* Products */ = {
			isa = PBXGroup;
			children = (
				FA35390226F16B1500EF5397 /* Harshit_Modi_Hello_World.app */,
			);
			name = Products;
			sourceTree = "<group>";
		};
		FA35390426F16B1500EF5397 /* Harshit_Modi_Hello_World */ = {
			isa = PBXGroup;
			children = (
				FA35390526F16B1500EF5397 /* AppDelegate.swift */,
				FA35390726F16B1500EF5397 /* SceneDelegate.swift */,
				FA35390926F16B1500EF5397 /* ViewController.swift */,
				FA35390B26F16B1500EF5397 /* Main.storyboard */,
				FA35390E26F16B1800EF5397 /* Assets.xcassets */,
				FA35391026F16B1800EF5397 /* LaunchScreen.storyboard */,
				FA35391326F16B1900EF5397 /* Info.plist */,
				FA35391926F1758000EF5397 /* DatabaseFile.swift */,
			);
			path = Harshit_Modi_Hello_World;
			sourceTree = "<group>";
		};
/* End PBXGroup section */

/* Begin PBXNativeTarget section */
		FA35390126F16B1500EF5397 /* Harshit_Modi_Hello_World */ = {
			isa = PBXNativeTarget;
			buildConfigurationList = FA35391626F16B1900EF5397 /* Build configuration list for PBXNativeTarget "Harshit_Modi_Hello_World" */;
			buildPhases = (
				FA3538FE26F16B1500EF5397 /* Sources */,
				FA3538FF26F16B1500EF5397 /* Frameworks */,
				FA35390026F16B1500EF5397 /* Resources */,
			);
			buildRules = (
			);
			dependencies = (
			);
			name = Harshit_Modi_Hello_World;
			productName = Harshit_Modi_Hello_World;
			productReference = FA35390226F16B1500EF5397 /* Harshit_Modi_Hello_World.app */;
			productType = "com.apple.product-type.application";
		};
/* End PBXNativeTarget section */

/* Begin PBXProject section */
		FA3538FA26F16B1500EF5397 /* Project object */ = {
			isa = PBXProject;
			attributes = {
				CLASSPREFIX = HM;
				LastSwiftUpdateCheck = 1130;
				LastUpgradeCheck = 1130;
				ORGANIZATIONNAME = "Harshit Modi";
				TargetAttributes = {
					FA35390126F16B1500EF5397 = {
						CreatedOnToolsVersion = 11.3;
					};
				};
			};
			buildConfigurationList = FA3538FD26F16B1500EF5397 /* Build configuration list for PBXProject "Harshit_Modi_Hello_World" */;
			compatibilityVersion = "Xcode 9.3";
			developmentRegion = en;
			hasScannedForEncodings = 0;
			knownRegions = (
				en,
				Base,
			);
			mainGroup = FA3538F926F16B1500EF5397;
			productRefGroup = FA35390326F16B1500EF5397 /* Products */;
			projectDirPath = "";
			projectRoot = "";
			targets = (
				FA35390126F16B1500EF5397 /* Harshit_Modi_Hello_World */,
			);
		};
/* End PBXProject section */

/* Begin PBXResourcesBuildPhase section */
		FA35390026F16B1500EF5397 /* Resources */ = {
			isa = PBXResourcesBuildPhase;
			buildActionMask = 2147483647;
			files = (
				FA35391226F16B1800EF5397 /* LaunchScreen.storyboard in Resources */,
				FA35390F26F16B1800EF5397 /* Assets.xcassets in Resources */,
				FA35390D26F16B1500EF5397 /* Main.storyboard in Resources */,
			);
			runOnlyForDeploymentPostprocessing = 0;
		};
/* End PBXResourcesBuildPhase section */

/* Begin PBXSourcesBuildPhase section */
		FA3538FE26F16B1500EF5397 /* Sources */ = {
			isa = PBXSourcesBuildPhase;
			buildActionMask = 2147483647;
			files = (
				FA35390A26F16B1500EF5397 /* ViewController.swift in Sources */,
				FA35390626F16B1500EF5397 /* AppDelegate.swift in Sources */,
				FA35391A26F1758000EF5397 /* DatabaseFile.swift in Sources */,
				FA35390826F16B1500EF5397 /* SceneDelegate.swift in Sources */,
			);
			runOnlyForDeploymentPostprocessing = 0;
		};
/* End PBXSourcesBuildPhase section */

/* Begin PBXVariantGroup section */
		FA35390B26F16B1500EF5397 /* Main.storyboard */ = {
			isa = PBXVariantGroup;
			children = (
				FA35390C26F16B1500EF5397 /* Base */,
			);
			name = Main.storyboard;
			sourceTree = "<group>";
		};
		FA35391026F16B1800EF5397 /* LaunchScreen.storyboard */ = {
			isa = PBXVariantGroup;
			children = (
				FA35391126F16B1800EF5397 /* Base */,
			);
			name = LaunchScreen.storyboard;
			sourceTree = "<group>";
		};
/* End PBXVariantGroup section */

/* Begin XCBuildConfiguration section */
		FA35391426F16B1900EF5397 /* Debug */ = {
			isa = XCBuildConfiguration;
			buildSettings = {
				ALWAYS_SEARCH_USER_PATHS = NO;
				CLANG_ANALYZER_NONNULL = YES;
				CLANG_ANALYZER_NUMBER_OBJECT_CONVERSION = YES_AGGRESSIVE;
				CLANG_CXX_LANGUAGE_STANDARD = "gnu++14";
				CLANG_CXX_LIBRARY = "libc++";
				CLANG_ENABLE_MODULES = YES;
				CLANG_ENABLE_OBJC_ARC = YES;
				CLANG_ENABLE_OBJC_WEAK = YES;
				CLANG_WARN_BLOCK_CAPTURE_AUTORELEASING = YES;
				CLANG_WARN_BOOL_CONVERSION = YES;
				CLANG_WARN_COMMA = YES;
				CLANG_WARN_CONSTANT_CONVERSION = YES;
				CLANG_WARN_DEPRECATED_OBJC_IMPLEMENTATIONS = YES;
				CLANG_WARN_DIRECT_OBJC_ISA_USAGE = YES_ERROR;
				CLANG_WARN_DOCUMENTATION_COMMENTS = YES;
				CLANG_WARN_EMPTY_BODY = YES;
				CLANG_WARN_ENUM_CONVERSION = YES;
				CLANG_WARN_INFINITE_RECURSION = YES;
				CLANG_WARN_INT_CONVERSION = YES;
				CLANG_WARN_NON_LITERAL_NULL_CONVERSION = YES;
				CLANG_WARN_OBJC_IMPLICIT_RETAIN_SELF = YES;
				CLANG_WARN_OBJC_LITERAL_CONVERSION = YES;
				CLANG_WARN_OBJC_ROOT_CLASS = YES_ERROR;
				CLANG_WARN_RANGE_LOOP_ANALYSIS = YES;
				CLANG_WARN_STRICT_PROTOTYPES = YES;
				CLANG_WARN_SUSPICIOUS_MOVE = YES;
				CLANG_WARN_UNGUARDED_AVAILABILITY = YES_AGGRESSIVE;
				CLANG_WARN_UNREACHABLE_CODE = YES;
				CLANG_WARN__DUPLICATE_METHOD_MATCH = YES;
				COPY_PHASE_STRIP = NO;
				DEBUG_INFORMATION_FORMAT = dwarf;
				ENABLE_STRICT_OBJC_MSGSEND = YES;
				ENABLE_TESTABILITY = YES;
				GCC_C_LANGUAGE_STANDARD = gnu11;
				GCC_DYNAMIC_NO_PIC = NO;
				GCC_NO_COMMON_BLOCKS = YES;
				GCC_OPTIMIZATION_LEVEL = 0;
				GCC_PREPROCESSOR_DEFINITIONS = (
					"DEBUG=1",
					"$(inherited)",
				);
				GCC_WARN_64_TO_32_BIT_CONVERSION = YES;
				GCC_WARN_ABOUT_RETURN_TYPE = YES_ERROR;
				GCC_WARN_UNDECLARED_SELECTOR = YES;
				GCC_WARN_UNINITIALIZED_AUTOS = YES_AGGRESSIVE;
				GCC_WARN_UNUSED_FUNCTION = YES;
				GCC_WARN_UNUSED_VARIABLE = YES;
				IPHONEOS_DEPLOYMENT_TARGET = 13.2;
				MTL_ENABLE_DEBUG_INFO = INCLUDE_SOURCE;
				MTL_FAST_MATH = YES;
				ONLY_ACTIVE_ARCH = YES;
				SDKROOT = iphoneos;
				SWIFT_ACTIVE_COMPILATION_CONDITIONS = DEBUG;
				SWIFT_OPTIMIZATION_LEVEL = "-Onone";
			};
			name = Debug;
		};
		FA35391526F16B1900EF5397 /* Release */ = {
			isa = XCBuildConfiguration;
			buildSettings = {
				ALWAYS_SEARCH_USER_PATHS = NO;
				CLANG_ANALYZER_NONNULL = YES;
				CLANG_ANALYZER_NUMBER_OBJECT_CONVERSION = YES_AGGRESSIVE;
				CLANG_CXX_LANGUAGE_STANDARD = "gnu++14";
				CLANG_CXX_LIBRARY = "libc++";
				CLANG_ENABLE_MODULES = YES;
				CLANG_ENABLE_OBJC_ARC = YES;
				CLANG_ENABLE_OBJC_WEAK = YES;
				CLANG_WARN_BLOCK_CAPTURE_AUTORELEASING = YES;
				CLANG_WARN_BOOL_CONVERSION = YES;
				CLANG_WARN_COMMA = YES;
				CLANG_WARN_CONSTANT_CONVERSION = YES;
				CLANG_WARN_DEPRECATED_OBJC_IMPLEMENTATIONS = YES;
				CLANG_WARN_DIRECT_OBJC_ISA_USAGE = YES_ERROR;
				CLANG_WARN_DOCUMENTATION_COMMENTS = YES;
				CLANG_WARN_EMPTY_BODY = YES;
				CLANG_WARN_ENUM_CONVERSION = YES;
				CLANG_WARN_INFINITE_RECURSION = YES;
				CLANG_WARN_INT_CONVERSION = YES;
				CLANG_WARN_NON_LITERAL_NULL_CONVERSION = YES;
				CLANG_WARN_OBJC_IMPLICIT_RETAIN_SELF = YES;
				CLANG_WARN_OBJC_LITERAL_CONVERSION = YES;
				CLANG_WARN_OBJC_ROOT_CLASS = YES_ERROR;
				CLANG_WARN_RANGE_LOOP_ANALYSIS = YES;
				CLANG_WARN_STRICT_PROTOTYPES = YES;
				CLANG_WARN_SUSPICIOUS_MOVE = YES;
				CLANG_WARN_UNGUARDED_AVAILABILITY = YES_AGGRESSIVE;
				CLANG_WARN_UNREACHABLE_CODE = YES;
				CLANG_WARN__DUPLICATE_METHOD_MATCH = YES;
				COPY_PHASE_STRIP = NO;
				DEBUG_INFORMATION_FORMAT = "dwarf-with-dsym";
				ENABLE_NS_ASSERTIONS = NO;
				ENABLE_STRICT_OBJC_MSGSEND = YES;
				GCC_C_LANGUAGE_STANDARD = gnu11;
				GCC_NO_COMMON_BLOCKS = YES;
				GCC_WARN_64_TO_32_BIT_CONVERSION = YES;
				GCC_WARN_ABOUT_RETURN_TYPE = YES_ERROR;
				GCC_WARN_UNDECLARED_SELECTOR = YES;
				GCC_WARN_UNINITIALIZED_AUTOS = YES_AGGRESSIVE;
				GCC_WARN_UNUSED_FUNCTION = YES;
				GCC_WARN_UNUSED_VARIABLE = YES;
				IPHONEOS_DEPLOYMENT_TARGET = 13.2;
				MTL_ENABLE_DEBUG_INFO = NO;
				MTL_FAST_MATH = YES;
				SDKROOT = iphoneos;
				SWIFT_COMPILATION_MODE = wholemodule;
				SWIFT_OPTIMIZATION_LEVEL = "-O";
				VALIDATE_PRODUCT = YES;
			};
			name = Release;
		};
		FA35391726F16B1900EF5397 /* Debug */ = {
			isa = XCBuildConfiguration;
			buildSettings = {
				ASSETCATALOG_COMPILER_APPICON_NAME = AppIcon;
				CODE_SIGN_STYLE = Automatic;
				DEVELOPMENT_TEAM = 6L8PKQRJ67;
				INFOPLIST_FILE = Harshit_Modi_Hello_World/Info.plist;
				IPHONEOS_DEPLOYMENT_TARGET = 13.2;
				LD_RUNPATH_SEARCH_PATHS = (
					"$(inherited)",
					"@executable_path/Frameworks",
				);
				MARKETING_VERSION = 1.0;
				PRODUCT_BUNDLE_IDENTIFIER = "com.app.Harshit-Modi-Hello-World";
				PRODUCT_NAME = "$(TARGET_NAME)";
				SWIFT_VERSION = 5.0;
				TARGETED_DEVICE_FAMILY = 1;
			};
			name = Debug;
		};
		FA35391826F16B1900EF5397 /* Release */ = {
			isa = XCBuildConfiguration;
			buildSettings = {
				ASSETCATALOG_COMPILER_APPICON_NAME = AppIcon;
				CODE_SIGN_STYLE = Automatic;
				DEVELOPMENT_TEAM = 6L8PKQRJ67;
				INFOPLIST_FILE = Harshit_Modi_Hello_World/Info.plist;
				IPHONEOS_DEPLOYMENT_TARGET = 13.2;
				LD_RUNPATH_SEARCH_PATHS = (
					"$(inherited)",
					"@executable_path/Frameworks",
				);
				MARKETING_VERSION = 1.0;
				PRODUCT_BUNDLE_IDENTIFIER = "com.app.Harshit-Modi-Hello-World";
				PRODUCT_NAME = "$(TARGET_NAME)";
				SWIFT_VERSION = 5.0;
				TARGETED_DEVICE_FAMILY = 1;
			};
			name = Release;
		};
/* End XCBuildConfiguration section */

/* Begin XCConfigurationList section */
		FA3538FD26F16B1500EF5397 /* Build configuration list for PBXProject "Harshit_Modi_Hello_World" */ = {
			isa = XCConfigurationList;
			buildConfigurations = (
				FA35391426F16B1900EF5397 /* Debug */,
				FA35391526F16B1900EF5397 /* Release */,
			);
			defaultConfigurationIsVisible = 0;
			defaultConfigurationName = Release;
		};
		FA35391626F16B1900EF5397 /* Build configuration list for PBXNativeTarget "Harshit_Modi_Hello_World" */ = {
			isa = XCConfigurationList;
			buildConfigurations = (
				FA35391726F16B1900EF5397 /* Debug */,
				FA35391826F16B1900EF5397 /* Release */,
			);
			defaultConfigurationIsVisible = 0;
			defaultConfigurationName = Release;
		};
/* End XCConfigurationList section */
	};
	rootObject = FA3538FA26F16B1500EF5397 /* Project object */;
}
